<Solution>
  <Folder Name="/modules/" />
  <Folder Name="/modules/ReferenceCatalog/">
    <Project Path="modules/ReferenceCatalog/Forge.ReferenceCatalog/Forge.ReferenceCatalog.csproj" />
  </Folder>
  <Folder Name="/src/">
    <Project Path="src/Forge.Admin.Blazor/Forge.Admin.Blazor.csproj" />
    <Project Path="src/Forge.Auditing/Forge.Auditing.csproj" />
    <Project Path="src/Forge.Caching.Redis/Forge.Caching.Redis.csproj" />
    <Project Path="src/Forge.Cli/Forge.Cli.csproj" />
    <Project Path="src/Forge.Core/Forge.Core.csproj" />
    <Project Path="src/Forge.Events/Forge.Events.csproj" />
    <Project Path="src/Forge.Identity/Forge.Identity.csproj" />
    <Project Path="src/Forge.Jobs.Quartz/Forge.Jobs.Quartz.csproj" />
    <Project Path="src/Forge.Jobs/Forge.Jobs.csproj" />
    <Project Path="src/Forge.Localization/Forge.Localization.csproj" />
    <Project Path="src/Forge.Modularity/Forge.Modularity.csproj" />
    <Project Path="src/Forge.Notifications/Forge.Notifications.csproj" />
    <Project Path="src/Forge.Observability/Forge.Observability.csproj" />
    <Project Path="src/Forge.Persistence.SqlServer/Forge.Persistence.SqlServer.csproj" />
    <Project Path="src/Forge.Security/Forge.Security.csproj" />
    <Project Path="src/Forge.Settings/Forge.Settings.csproj" />
    <Project Path="src/Forge.Storage/Forge.Storage.csproj" />
    <Project Path="src/Forge.Templates/Forge.Templates.csproj" />
    <Project Path="src/Forge.Tenancy/Forge.Tenancy.csproj" />
    <Project Path="src/Forge.Web/Forge.Web.csproj" />
  </Folder>
  <Folder Name="/tests/">
    <Project Path="tests/Forge.AccessibilityTests/Forge.AccessibilityTests.csproj" />
    <Project Path="tests/Forge.ArchitectureTests/Forge.ArchitectureTests.csproj" />
    <Project Path="tests/Forge.AuditingTests/Forge.AuditingTests.csproj" />
    <Project Path="tests/Forge.CachingTests/Forge.CachingTests.csproj" />
    <Project Path="tests/Forge.Cli.Tests/Forge.Cli.Tests.csproj" />
    <Project Path="tests/Forge.EventsTests/Forge.EventsTests.csproj" />
    <Project Path="tests/Forge.JobsTests/Forge.JobsTests.csproj" />
    <Project Path="tests/Forge.LocalizationTests/Forge.LocalizationTests.csproj" />
    <Project Path="tests/Forge.ModularityTests/Forge.ModularityTests.csproj" />
    <Project Path="tests/Forge.NotificationsTests/Forge.NotificationsTests.csproj" />
    <Project Path="tests/Forge.Persistence.SqlServer.Tests/Forge.Persistence.SqlServer.Tests.csproj" />
    <Project Path="tests/Forge.ReferenceCatalog.Tests/Forge.ReferenceCatalog.Tests.csproj" />
    <Project Path="tests/Forge.SecurityTests/Forge.SecurityTests.csproj" />
    <Project Path="tests/Forge.SettingsTests/Forge.SettingsTests.csproj" />
    <Project Path="tests/Forge.StorageTests/Forge.StorageTests.csproj" />
    <Project Path="tests/Forge.TenancyTests/Forge.TenancyTests.csproj" />
  </Folder>
</Solution>
