<Solution>
  <Folder Name="/src/">
    <Project Path="src/Forge.Cli/Forge.Cli.csproj" />
    <Project Path="src/Forge.Core/Forge.Core.csproj" />
    <Project Path="src/Forge.Events/Forge.Events.csproj" />
    <Project Path="src/Forge.Modularity/Forge.Modularity.csproj" />
    <Project Path="src/Forge.Persistence.SqlServer/Forge.Persistence.SqlServer.csproj" />
  </Folder>
  <Folder Name="/tests/">
    <Project Path="tests/Forge.ArchitectureTests/Forge.ArchitectureTests.csproj" />
    <Project Path="tests/Forge.Cli.Tests/Forge.Cli.Tests.csproj" />
    <Project Path="tests/Forge.EventsTests/Forge.EventsTests.csproj" />
    <Project Path="tests/Forge.ModularityTests/Forge.ModularityTests.csproj" />
    <Project Path="tests/Forge.Persistence.SqlServer.Tests/Forge.Persistence.SqlServer.Tests.csproj" />
    <Project Path="tests/Forge.TenancyTests/Forge.TenancyTests.csproj" />
  </Folder>
</Solution>
